
Microsoft Visual Studio Solution File, Format Version 12.00
# Visual Studio 15
VisualStudioVersion = 15.0.28307.572
MinimumVisualStudioVersion = 10.0.40219.1
Project("{FAE04EC0-301F-11D3-BF4B-00C04F79EFBC}") = "InventoryApplication", "InventoryApplication\InventoryApplication.csproj", "{2FB55016-05BC-41B1-8813-F9AB0EF4AB02}"
EndProject
Global
	GlobalSection(SolutionConfigurationPlatforms) = preSolution
		Debug|Any CPU = Debug|Any CPU
		Release|Any CPU = Release|Any CPU
	EndGlobalSection
	GlobalSection(ProjectConfigurationPlatforms) = postSolution
		{2FB55016-05BC-41B1-8813-F9AB0EF4AB02}.Debug|Any CPU.ActiveCfg = Debug|Any CPU
		{2FB55016-05BC-41B1-8813-F9AB0EF4AB02}.Debug|Any CPU.Build.0 = Debug|Any CPU
		{2FB55016-05BC-41B1-8813-F9AB0EF4AB02}.Release|Any CPU.ActiveCfg = Release|Any CPU
		{2FB55016-05BC-41B1-8813-F9AB0EF4AB02}.Release|Any CPU.Build.0 = Release|Any CPU
	EndGlobalSection
	GlobalSection(SolutionProperties) = preSolution
		HideSolutionNode = FALSE
	EndGlobalSection
	GlobalSection(ExtensibilityGlobals) = postSolution
		SolutionGuid = {59DF3920-D525-4F19-8AA9-B48CF065DA5E}
	EndGlobalSection
EndGlobal
